
Microsoft Visual Studio Solution File, Format Version 12.00
Project("{FAE04EC0-301F-11D3-BF4B-00C04F79EFBC}") = "SwaggerCodegenAPI", "SwaggerCodegenAPI\SwaggerCodegenAPI.csproj", "{99315DDF-94BD-4BFD-98B3-2DCDD0D5620B}"
EndProject
Global
	GlobalSection(SolutionConfigurationPlatforms) = preSolution
		Debug|Any CPU = Debug|Any CPU
		Release|Any CPU = Release|Any CPU
	EndGlobalSection
	GlobalSection(ProjectConfigurationPlatforms) = postSolution
		{99315DDF-94BD-4BFD-98B3-2DCDD0D5620B}.Debug|Any CPU.ActiveCfg = Debug|Any CPU
		{99315DDF-94BD-4BFD-98B3-2DCDD0D5620B}.Debug|Any CPU.Build.0 = Debug|Any CPU
		{99315DDF-94BD-4BFD-98B3-2DCDD0D5620B}.Release|Any CPU.ActiveCfg = Release|Any CPU
		{99315DDF-94BD-4BFD-98B3-2DCDD0D5620B}.Release|Any CPU.Build.0 = Release|Any CPU
	EndGlobalSection
EndGlobal
